Microsoft Visual Studio Solution File, Format Version 12.00
# Visual Studio Version 17
VisualStudioVersion = 17.5.2.0
MinimumVisualStudioVersion = 10.0.40219.1
Project("{FAE04EC0-301F-11D3-BF4B-00C04F79EFBC}") = "SQLiteToExcelExporter", "SQLiteToExcelExporter.csproj", "{119DDE23-404C-45A5-A0BC-899BA7997044}"
EndProject
Global
	GlobalSection(SolutionConfigurationPlatforms) = preSolution
		Debug|Any CPU = Debug|Any CPU
		Release|Any CPU = Release|Any CPU
	EndGlobalSection
	GlobalSection(ProjectConfigurationPlatforms) = postSolution
		{119DDE23-404C-45A5-A0BC-899BA7997044}.Debug|Any CPU.ActiveCfg = Debug|Any CPU
		{119DDE23-404C-45A5-A0BC-899BA7997044}.Debug|Any CPU.Build.0 = Debug|Any CPU
		{119DDE23-404C-45A5-A0BC-899BA7997044}.Release|Any CPU.ActiveCfg = Release|Any CPU
		{119DDE23-404C-45A5-A0BC-899BA7997044}.Release|Any CPU.Build.0 = Release|Any CPU
	EndGlobalSection
	GlobalSection(SolutionProperties) = preSolution
		HideSolutionNode = FALSE
	EndGlobalSection
	GlobalSection(ExtensibilityGlobals) = postSolution
		SolutionGuid = {E25FE181-0CA5-48C6-A56A-C14B99B4F21C}
	EndGlobalSection
EndGlobal
